// !$*UTF8*$!
{
	archiveVersion = 1;
	classes = {
	};
	objectVersion = 50;
	objects = {

/* Begin PBXBuildFile section */
		B8B92D1224FB48F3004AC682 /* AppDelegate.swift in Sources */ = {isa = PBXBuildFile; fileRef = B8B92D1124FB48F3004AC682 /* AppDelegate.swift */; };
		B8B92D1424FB48F3004AC682 /* SceneDelegate.swift in Sources */ = {isa = PBXBuildFile; fileRef = B8B92D1324FB48F3004AC682 /* SceneDelegate.swift */; };
		B8B92D1624FB48F3004AC682 /* ContentView.swift in Sources */ = {isa = PBXBuildFile; fileRef = B8B92D1524FB48F3004AC682 /* ContentView.swift */; };
		B8B92D1824FB48F5004AC682 /* Assets.xcassets in Resources */ = {isa = PBXBuildFile; fileRef = B8B92D1724FB48F5004AC682 /* Assets.xcassets */; };
		B8B92D1B24FB48F5004AC682 /* Preview Assets.xcassets in Resources */ = {isa = PBXBuildFile; fileRef = B8B92D1A24FB48F5004AC682 /* Preview Assets.xcassets */; };
		B8B92D1E24FB48F5004AC682 /* LaunchScreen.storyboard in Resources */ = {isa = PBXBuildFile; fileRef = B8B92D1C24FB48F5004AC682 /* LaunchScreen.storyboard */; };
/* End PBXBuildFile section */

/* Begin PBXFileReference section */
		B8B92D0E24FB48F3004AC682 /* PrjShilpa.app */ = {isa = PBXFileReference; explicitFileType = wrapper.application; includeInIndex = 0; path = PrjShilpa.app; sourceTree = BUILT_PRODUCTS_DIR; };
		B8B92D1124FB48F3004AC682 /* AppDelegate.swift */ = {isa = PBXFileReference; lastKnownFileType = sourcecode.swift; path = AppDelegate.swift; sourceTree = "<group>"; };
		B8B92D1324FB48F3004AC682 /* SceneDelegate.swift */ = {isa = PBXFileReference; lastKnownFileType = sourcecode.swift; path = SceneDelegate.swift; sourceTree = "<group>"; };
		B8B92D1524FB48F3004AC682 /* ContentView.swift */ = {isa = PBXFileReference; lastKnownFileType = sourcecode.swift; path = ContentView.swift; sourceTree = "<group>"; };
		B8B92D1724FB48F5004AC682 /* Assets.xcassets */ = {isa = PBXFileReference; lastKnownFileType = folder.assetcatalog; path = Assets.xcassets; sourceTree = "<group>"; };
		B8B92D1A24FB48F5004AC682 /* Preview Assets.xcassets */ = {isa = PBXFileReference; lastKnownFileType = folder.assetcatalog; path = "Preview Assets.xcassets"; sourceTree = "<group>"; };
		B8B92D1D24FB48F5004AC682 /* Base */ = {isa = PBXFileReference; lastKnownFileType = file.storyboard; name = Base; path = Base.lproj/LaunchScreen.storyboard; sourceTree = "<group>"; };
		B8B92D1F24FB48F5004AC682 /* Info.plist */ = {isa = PBXFileReference; lastKnownFileType = text.plist.xml; path = Info.plist; sourceTree = "<group>"; };
/* End PBXFileReference section */

/* Begin PBXFrameworksBuildPhase section */
		B8B92D0B24FB48F3004AC682 /* Frameworks */ = {
			isa = PBXFrameworksBuildPhase;
			buildActionMask = 2147483647;
			files = (
			);
			runOnlyForDeploymentPostprocessing = 0;
		};
/* End PBXFrameworksBuildPhase section */

/* Begin PBXGroup section */
		B8B92D0524FB48F3004AC682 = {
			isa = PBXGroup;
			children = (
				B8B92D1024FB48F3004AC682 /* PrjShilpa */,
				B8B92D0F24FB48F3004AC682 /* Products */,
			);
			sourceTree = "<group>";
		};
		B8B92D0F24FB48F3004AC682 /* Products */ = {
			isa = PBXGroup;
			children = (
				B8B92D0E24FB48F3004AC682 /* PrjShilpa.app */,
			);
			name = Products;
			sourceTree = "<group>";
		};
		B8B92D1024FB48F3004AC682 /* PrjShilpa */ = {
			isa = PBXGroup;
			children = (
				B8B92D1124FB48F3004AC682 /* AppDelegate.swift */,
				B8B92D1324FB48F3004AC682 /* SceneDelegate.swift */,
				B8B92D1524FB48F3004AC682 /* ContentView.swift */,
				B8B92D1724FB48F5004AC682 /* Assets.xcassets */,
				B8B92D1C24FB48F5004AC682 /* LaunchScreen.storyboard */,
				B8B92D1F24FB48F5004AC682 /* Info.plist */,
				B8B92D1924FB48F5004AC682 /* Preview Content */,
			);
			path = PrjShilpa;
			sourceTree = "<group>";
		};
		B8B92D1924FB48F5004AC682 /* Preview Content */ = {
			isa = PBXGroup;
			children = (
				B8B92D1A24FB48F5004AC682 /* Preview Assets.xcassets */,
			);
			path = "Preview Content";
			sourceTree = "<group>";
		};
/* End PBXGroup section */

/* Begin PBXNativeTarget section */
		B8B92D0D24FB48F3004AC682 /* PrjShilpa */ = {
			isa = PBXNativeTarget;
			buildConfigurationList = B8B92D2224FB48F5004AC682 /* Build configuration list for PBXNativeTarget "PrjShilpa" */;
			buildPhases = (
				B8B92D0A24FB48F3004AC682 /* Sources */,
				B8B92D0B24FB48F3004AC682 /* Frameworks */,
				B8B92D0C24FB48F3004AC682 /* Resources */,
			);
			buildRules = (
			);
			dependencies = (
			);
			name = PrjShilpa;
			productName = PrjShilpa;
			productReference = B8B92D0E24FB48F3004AC682 /* PrjShilpa.app */;
			productType = "com.apple.product-type.application";
		};
/* End PBXNativeTarget section */

/* Begin PBXProject section */
		B8B92D0624FB48F3004AC682 /* Project object */ = {
			isa = PBXProject;
			attributes = {
				LastSwiftUpdateCheck = 1160;
				LastUpgradeCheck = 1160;
				ORGANIZATIONNAME = "Pravangsu Biswas";
				TargetAttributes = {
					B8B92D0D24FB48F3004AC682 = {
						CreatedOnToolsVersion = 11.6;
					};
				};
			};
			buildConfigurationList = B8B92D0924FB48F3004AC682 /* Build configuration list for PBXProject "PrjShilpa" */;
			compatibilityVersion = "Xcode 9.3";
			developmentRegion = en;
			hasScannedForEncodings = 0;
			knownRegions = (
				en,
				Base,
			);
			mainGroup = B8B92D0524FB48F3004AC682;
			productRefGroup = B8B92D0F24FB48F3004AC682 /* Products */;
			projectDirPath = "";
			projectRoot = "";
			targets = (
				B8B92D0D24FB48F3004AC682 /* PrjShilpa */,
			);
		};
/* End PBXProject section */

/* Begin PBXResourcesBuildPhase section */
		B8B92D0C24FB48F3004AC682 /* Resources */ = {
			isa = PBXResourcesBuildPhase;
			buildActionMask = 2147483647;
			files = (
				B8B92D1E24FB48F5004AC682 /* LaunchScreen.storyboard in Resources */,
				B8B92D1B24FB48F5004AC682 /* Preview Assets.xcassets in Resources */,
				B8B92D1824FB48F5004AC682 /* Assets.xcassets in Resources */,
			);
			runOnlyForDeploymentPostprocessing = 0;
		};
/* End PBXResourcesBuildPhase section */

/* Begin PBXSourcesBuildPhase section */
		B8B92D0A24FB48F3004AC682 /* Sources */ = {
			isa = PBXSourcesBuildPhase;
			buildActionMask = 2147483647;
			files = (
				B8B92D1224FB48F3004AC682 /* AppDelegate.swift in Sources */,
				B8B92D1424FB48F3004AC682 /* SceneDelegate.swift in Sources */,
				B8B92D1624FB48F3004AC682 /* ContentView.swift in Sources */,
			);
			runOnlyForDeploymentPostprocessing = 0;
		};
/* End PBXSourcesBuildPhase section */

/* Begin PBXVariantGroup section */
		B8B92D1C24FB48F5004AC682 /* LaunchScreen.storyboard */ = {
			isa = PBXVariantGroup;
			children = (
				B8B92D1D24FB48F5004AC682 /* Base */,
			);
			name = LaunchScreen.storyboard;
			sourceTree = "<group>";
		};
/* End PBXVariantGroup section */

/* Begin XCBuildConfiguration section */
		B8B92D2024FB48F5004AC682 /* Debug */ = {
			isa = XCBuildConfiguration;
			buildSettings = {
				ALWAYS_SEARCH_USER_PATHS = NO;
				CLANG_ANALYZER_NONNULL = YES;
				CLANG_ANALYZER_NUMBER_OBJECT_CONVERSION = YES_AGGRESSIVE;
				CLANG_CXX_LANGUAGE_STANDARD = "gnu++14";
				CLANG_CXX_LIBRARY = "libc++";
				CLANG_ENABLE_MODULES = YES;
				CLANG_ENABLE_OBJC_ARC = YES;
				CLANG_ENABLE_OBJC_WEAK = YES;
				CLANG_WARN_BLOCK_CAPTURE_AUTORELEASING = YES;
				CLANG_WARN_BOOL_CONVERSION = YES;
				CLANG_WARN_COMMA = YES;
				CLANG_WARN_CONSTANT_CONVERSION = YES;
				CLANG_WARN_DEPRECATED_OBJC_IMPLEMENTATIONS = YES;
				CLANG_WARN_DIRECT_OBJC_ISA_USAGE = YES_ERROR;
				CLANG_WARN_DOCUMENTATION_COMMENTS = YES;
				CLANG_WARN_EMPTY_BODY = YES;
				CLANG_WARN_ENUM_CONVERSION = YES;
				CLANG_WARN_INFINITE_RECURSION = YES;
				CLANG_WARN_INT_CONVERSION = YES;
				CLANG_WARN_NON_LITERAL_NULL_CONVERSION = YES;
				CLANG_WARN_OBJC_IMPLICIT_RETAIN_SELF = YES;
				CLANG_WARN_OBJC_LITERAL_CONVERSION = YES;
				CLANG_WARN_OBJC_ROOT_CLASS = YES_ERROR;
				CLANG_WARN_RANGE_LOOP_ANALYSIS = YES;
				CLANG_WARN_STRICT_PROTOTYPES = YES;
				CLANG_WARN_SUSPICIOUS_MOVE = YES;
				CLANG_WARN_UNGUARDED_AVAILABILITY = YES_AGGRESSIVE;
				CLANG_WARN_UNREACHABLE_CODE = YES;
				CLANG_WARN__DUPLICATE_METHOD_MATCH = YES;
				COPY_PHASE_STRIP = NO;
				DEBUG_INFORMATION_FORMAT = dwarf;
				ENABLE_STRICT_OBJC_MSGSEND = YES;
				ENABLE_TESTABILITY = YES;
				GCC_C_LANGUAGE_STANDARD = gnu11;
				GCC_DYNAMIC_NO_PIC = NO;
				GCC_NO_COMMON_BLOCKS = YES;
				GCC_OPTIMIZATION_LEVEL = 0;
				GCC_PREPROCESSOR_DEFINITIONS = (
					"DEBUG=1",
					"$(inherited)",
				);
				GCC_WARN_64_TO_32_BIT_CONVERSION = YES;
				GCC_WARN_ABOUT_RETURN_TYPE = YES_ERROR;
				GCC_WARN_UNDECLARED_SELECTOR = YES;
				GCC_WARN_UNINITIALIZED_AUTOS = YES_AGGRESSIVE;
				GCC_WARN_UNUSED_FUNCTION = YES;
				GCC_WARN_UNUSED_VARIABLE = YES;
				IPHONEOS_DEPLOYMENT_TARGET = 13.6;
				MTL_ENABLE_DEBUG_INFO = INCLUDE_SOURCE;
				MTL_FAST_MATH = YES;
				ONLY_ACTIVE_ARCH = YES;
				SDKROOT = iphoneos;
				SWIFT_ACTIVE_COMPILATION_CONDITIONS = DEBUG;
				SWIFT_OPTIMIZATION_LEVEL = "-Onone";
			};
			name = Debug;
		};
		B8B92D2124FB48F5004AC682 /* Release */ = {
			isa = XCBuildConfiguration;
			buildSettings = {
				ALWAYS_SEARCH_USER_PATHS = NO;
				CLANG_ANALYZER_NONNULL = YES;
				CLANG_ANALYZER_NUMBER_OBJECT_CONVERSION = YES_AGGRESSIVE;
				CLANG_CXX_LANGUAGE_STANDARD = "gnu++14";
				CLANG_CXX_LIBRARY = "libc++";
				CLANG_ENABLE_MODULES = YES;
				CLANG_ENABLE_OBJC_ARC = YES;
				CLANG_ENABLE_OBJC_WEAK = YES;
				CLANG_WARN_BLOCK_CAPTURE_AUTORELEASING = YES;
				CLANG_WARN_BOOL_CONVERSION = YES;
				CLANG_WARN_COMMA = YES;
				CLANG_WARN_CONSTANT_CONVERSION = YES;
				CLANG_WARN_DEPRECATED_OBJC_IMPLEMENTATIONS = YES;
				CLANG_WARN_DIRECT_OBJC_ISA_USAGE = YES_ERROR;
				CLANG_WARN_DOCUMENTATION_COMMENTS = YES;
				CLANG_WARN_EMPTY_BODY = YES;
				CLANG_WARN_ENUM_CONVERSION = YES;
				CLANG_WARN_INFINITE_RECURSION = YES;
				CLANG_WARN_INT_CONVERSION = YES;
				CLANG_WARN_NON_LITERAL_NULL_CONVERSION = YES;
				CLANG_WARN_OBJC_IMPLICIT_RETAIN_SELF = YES;
				CLANG_WARN_OBJC_LITERAL_CONVERSION = YES;
				CLANG_WARN_OBJC_ROOT_CLASS = YES_ERROR;
				CLANG_WARN_RANGE_LOOP_ANALYSIS = YES;
				CLANG_WARN_STRICT_PROTOTYPES = YES;
				CLANG_WARN_SUSPICIOUS_MOVE = YES;
				CLANG_WARN_UNGUARDED_AVAILABILITY = YES_AGGRESSIVE;
				CLANG_WARN_UNREACHABLE_CODE = YES;
				CLANG_WARN__DUPLICATE_METHOD_MATCH = YES;
				COPY_PHASE_STRIP = NO;
				DEBUG_INFORMATION_FORMAT = "dwarf-with-dsym";
				ENABLE_NS_ASSERTIONS = NO;
				ENABLE_STRICT_OBJC_MSGSEND = YES;
				GCC_C_LANGUAGE_STANDARD = gnu11;
				GCC_NO_COMMON_BLOCKS = YES;
				GCC_WARN_64_TO_32_BIT_CONVERSION = YES;
				GCC_WARN_ABOUT_RETURN_TYPE = YES_ERROR;
				GCC_WARN_UNDECLARED_SELECTOR = YES;
				GCC_WARN_UNINITIALIZED_AUTOS = YES_AGGRESSIVE;
				GCC_WARN_UNUSED_FUNCTION = YES;
				GCC_WARN_UNUSED_VARIABLE = YES;
				IPHONEOS_DEPLOYMENT_TARGET = 13.6;
				MTL_ENABLE_DEBUG_INFO = NO;
				MTL_FAST_MATH = YES;
				SDKROOT = iphoneos;
				SWIFT_COMPILATION_MODE = wholemodule;
				SWIFT_OPTIMIZATION_LEVEL = "-O";
				VALIDATE_PRODUCT = YES;
			};
			name = Release;
		};
		B8B92D2324FB48F5004AC682 /* Debug */ = {
			isa = XCBuildConfiguration;
			buildSettings = {
				ASSETCATALOG_COMPILER_APPICON_NAME = AppIcon;
				CODE_SIGN_STYLE = Automatic;
				DEVELOPMENT_ASSET_PATHS = "\"PrjShilpa/Preview Content\"";
				ENABLE_PREVIEWS = YES;
				INFOPLIST_FILE = PrjShilpa/Info.plist;
				LD_RUNPATH_SEARCH_PATHS = (
					"$(inherited)",
					"@executable_path/Frameworks",
				);
				PRODUCT_BUNDLE_IDENTIFIER = biswas.MobileApp.pb.PrjShilpa;
				PRODUCT_NAME = "$(TARGET_NAME)";
				SWIFT_VERSION = 5.0;
				TARGETED_DEVICE_FAMILY = "1,2";
			};
			name = Debug;
		};
		B8B92D2424FB48F5004AC682 /* Release */ = {
			isa = XCBuildConfiguration;
			buildSettings = {
				ASSETCATALOG_COMPILER_APPICON_NAME = AppIcon;
				CODE_SIGN_STYLE = Automatic;
				DEVELOPMENT_ASSET_PATHS = "\"PrjShilpa/Preview Content\"";
				ENABLE_PREVIEWS = YES;
				INFOPLIST_FILE = PrjShilpa/Info.plist;
				LD_RUNPATH_SEARCH_PATHS = (
					"$(inherited)",
					"@executable_path/Frameworks",
				);
				PRODUCT_BUNDLE_IDENTIFIER = biswas.MobileApp.pb.PrjShilpa;
				PRODUCT_NAME = "$(TARGET_NAME)";
				SWIFT_VERSION = 5.0;
				TARGETED_DEVICE_FAMILY = "1,2";
			};
			name = Release;
		};
/* End XCBuildConfiguration section */

/* Begin XCConfigurationList section */
		B8B92D0924FB48F3004AC682 /* Build configuration list for PBXProject "PrjShilpa" */ = {
			isa = XCConfigurationList;
			buildConfigurations = (
				B8B92D2024FB48F5004AC682 /* Debug */,
				B8B92D2124FB48F5004AC682 /* Release */,
			);
			defaultConfigurationIsVisible = 0;
			defaultConfigurationName = Release;
		};
		B8B92D2224FB48F5004AC682 /* Build configuration list for PBXNativeTarget "PrjShilpa" */ = {
			isa = XCConfigurationList;
			buildConfigurations = (
				B8B92D2324FB48F5004AC682 /* Debug */,
				B8B92D2424FB48F5004AC682 /* Release */,
			);
			defaultConfigurationIsVisible = 0;
			defaultConfigurationName = Release;
		};
/* End XCConfigurationList section */
	};
	rootObject = B8B92D0624FB48F3004AC682 /* Project object */;
}
